<?xml version="1.0" encoding="utf-8"?>
<Project ToolsVersion="4.0" xmlns="http://schemas.microsoft.com/developer/msbuild/2003">
  <ItemGroup>
    <Filter Include="Source Files">
      <UniqueIdentifier>{4FC737F1-C7A5-4376-A066-2A32D752A2FF}</UniqueIdentifier>
      <Extensions>cpp;c;cc;cxx;c++;cppm;ixx;def;odl;idl;hpj;bat;asm;asmx</Extensions>
    </Filter>
    <Filter Include="Header Files">
      <UniqueIdentifier>{93995380-89BD-4b04-88EB-625FBE52EBFB}</UniqueIdentifier>
      <Extensions>h;hh;hpp;hxx;h++;hm;inl;inc;ipp;xsd</Extensions>
    </Filter>
    <Filter Include="Resource Files">
      <UniqueIdentifier>{67DA6AB6-F800-4c08-8B7A-83BB121AAD01}</UniqueIdentifier>
      <Extensions>rc;ico;cur;bmp;dlg;rc2;rct;bin;rgs;gif;jpg;jpeg;jpe;resx;tiff;tif;png;wav;mfcribbon-ms</Extensions>
    </Filter>
    <Filter Include="Header Files\Game">
      <UniqueIdentifier>{19330831-5386-45e8-8c28-d91eea4184e5}</UniqueIdentifier>
    </Filter>
    <Filter Include="Header Files\Engine">
      <UniqueIdentifier>{b2a7bf43-a70d-46e9-a16f-1fe6e64494bc}</UniqueIdentifier>
    </Filter>
    <Filter Include="Header Files\Engine\Render">
      <UniqueIdentifier>{5cacf4a0-3866-4867-ba6c-1f1908522862}</UniqueIdentifier>
    </Filter>
    <Filter Include="Header Files\Engine\Networking">
      <UniqueIdentifier>{5ac56a01-680c-4afe-a572-e440cc67883c}</UniqueIdentifier>
    </Filter>
    <Filter Include="Source Files\Game">
      <UniqueIdentifier>{7b7c6a6d-2810-487a-9e1f-420fe390f01d}</UniqueIdentifier>
    </Filter>
    <Filter Include="Source Files\Engine">
      <UniqueIdentifier>{ee99818a-6b2e-4e40-9a5d-6ae76579b643}</UniqueIdentifier>
    </Filter>
    <Filter Include="Source Files\Engine\Networking">
      <UniqueIdentifier>{96102b04-2c9a-4452-ab59-0d799c8a2916}</UniqueIdentifier>
    </Filter>
    <Filter Include="Source Files\Engine\Render">
      <UniqueIdentifier>{7ad24c7b-dee0-4554-abca-154bb61397d4}</UniqueIdentifier>
    </Filter>
  </ItemGroup>
  <ItemGroup>
    <ClCompile Include="src\main.cpp">
      <Filter>Source Files</Filter>
    </ClCompile>
    <ClCompile Include="src\engine\input_keyboard_state.cpp">
      <Filter>Source Files\Engine</Filter>
    </ClCompile>
    <ClCompile Include="src\engine\input_manager.cpp">
      <Filter>Source Files\Engine</Filter>
    </ClCompile>
    <ClCompile Include="src\engine\log.cpp">
      <Filter>Source Files\Engine</Filter>
    </ClCompile>
    <ClCompile Include="src\engine\maths.cpp">
      <Filter>Source Files\Engine</Filter>
    </ClCompile>
    <ClCompile Include="src\engine\resource_manager.cpp">
      <Filter>Source Files\Engine</Filter>
    </ClCompile>
    <ClCompile Include="src\engine\timer.cpp">
      <Filter>Source Files\Engine</Filter>
    </ClCompile>
    <ClCompile Include="src\engine\window_sdl.cpp">
      <Filter>Source Files\Engine\Render</Filter>
    </ClCompile>
    <ClCompile Include="src\engine\vertex_array.cpp">
      <Filter>Source Files\Engine\Render</Filter>
    </ClCompile>
    <ClCompile Include="src\engine\texture.cpp">
      <Filter>Source Files\Engine\Render</Filter>
    </ClCompile>
    <ClCompile Include="src\engine\shader.cpp">
      <Filter>Source Files\Engine\Render</Filter>
    </ClCompile>
    <ClCompile Include="src\engine\renderer_sprite.cpp">
      <Filter>Source Files\Engine\Render</Filter>
    </ClCompile>
    <ClCompile Include="src\engine\renderer_geometry.cpp">
      <Filter>Source Files\Engine\Render</Filter>
    </ClCompile>
    <ClCompile Include="src\engine\color.cpp">
      <Filter>Source Files\Engine\Render</Filter>
    </ClCompile>
    <ClCompile Include="src\game\board.cpp">
      <Filter>Source Files\Game</Filter>
    </ClCompile>
    <ClCompile Include="src\game\game.cpp">
      <Filter>Source Files\Game</Filter>
    </ClCompile>
    <ClCompile Include="src\game\gamestate_main.cpp">
      <Filter>Source Files\Game</Filter>
    </ClCompile>
    <ClCompile Include="src\game\pieces.cpp">
      <Filter>Source Files\Game</Filter>
    </ClCompile>
  </ItemGroup>
  <ItemGroup>
    <ClInclude Include="src\game\pieces.h">
      <Filter>Header Files\Game</Filter>
    </ClInclude>
    <ClInclude Include="src\game\board.h">
      <Filter>Header Files\Game</Filter>
    </ClInclude>
    <ClInclude Include="src\game\gamestate_main.h">
      <Filter>Header Files\Game</Filter>
    </ClInclude>
    <ClInclude Include="src\game\piece.h">
      <Filter>Header Files\Game</Filter>
    </ClInclude>
    <ClInclude Include="src\engine\game.h">
      <Filter>Header Files\Engine</Filter>
    </ClInclude>
    <ClInclude Include="src\engine\gamestate.h">
      <Filter>Header Files\Engine</Filter>
    </ClInclude>
    <ClInclude Include="src\engine\input_keyboard_state.h">
      <Filter>Header Files\Engine</Filter>
    </ClInclude>
    <ClInclude Include="src\engine\input_manager.h">
      <Filter>Header Files\Engine</Filter>
    </ClInclude>
    <ClInclude Include="src\engine\input_state.h">
      <Filter>Header Files\Engine</Filter>
    </ClInclude>
    <ClInclude Include="src\engine\maths.h">
      <Filter>Header Files\Engine</Filter>
    </ClInclude>
    <ClInclude Include="src\engine\resource_manager.h">
      <Filter>Header Files\Engine</Filter>
    </ClInclude>
    <ClInclude Include="src\engine\timer.h">
      <Filter>Header Files\Engine</Filter>
    </ClInclude>
    <ClInclude Include="src\engine\window_sdl.h">
      <Filter>Header Files\Engine\Render</Filter>
    </ClInclude>
    <ClInclude Include="src\engine\window.h">
      <Filter>Header Files\Engine\Render</Filter>
    </ClInclude>
    <ClInclude Include="src\engine\vertex_array.h">
      <Filter>Header Files\Engine\Render</Filter>
    </ClInclude>
    <ClInclude Include="src\engine\texture.h">
      <Filter>Header Files\Engine\Render</Filter>
    </ClInclude>
    <ClInclude Include="src\engine\stb_image.h">
      <Filter>Header Files\Engine\Render</Filter>
    </ClInclude>
    <ClInclude Include="src\engine\shader.h">
      <Filter>Header Files\Engine\Render</Filter>
    </ClInclude>
    <ClInclude Include="src\engine\renderer_sprite.h">
      <Filter>Header Files\Engine\Render</Filter>
    </ClInclude>
    <ClInclude Include="src\engine\renderer_geometry.h">
      <Filter>Header Files\Engine\Render</Filter>
    </ClInclude>
    <ClInclude Include="src\engine\log.h">
      <Filter>Header Files\Engine\Render</Filter>
    </ClInclude>
    <ClInclude Include="src\engine\gl_debug.hpp">
      <Filter>Header Files\Engine\Render</Filter>
    </ClInclude>
    <ClInclude Include="src\engine\color.h">
      <Filter>Header Files\Engine\Render</Filter>
    </ClInclude>
  </ItemGroup>
</Project>